
Microsoft Visual Studio Solution File, Format Version 12.00
# Visual Studio Version 16
VisualStudioVersion = 16.0.31729.503
MinimumVisualStudioVersion = 10.0.40219.1
Project("{FAE04EC0-301F-11D3-BF4B-00C04F79EFBC}") = "practical_work1", "practical_work1\practical_work1.csproj", "{F721897D-6E38-4874-B0CF-F567156BC1DA}"
EndProject
Global
	GlobalSection(SolutionConfigurationPlatforms) = preSolution
		Debug|Any CPU = Debug|Any CPU
		Release|Any CPU = Release|Any CPU
	EndGlobalSection
	GlobalSection(ProjectConfigurationPlatforms) = postSolution
		{F721897D-6E38-4874-B0CF-F567156BC1DA}.Debug|Any CPU.ActiveCfg = Debug|Any CPU
		{F721897D-6E38-4874-B0CF-F567156BC1DA}.Debug|Any CPU.Build.0 = Debug|Any CPU
		{F721897D-6E38-4874-B0CF-F567156BC1DA}.Release|Any CPU.ActiveCfg = Release|Any CPU
		{F721897D-6E38-4874-B0CF-F567156BC1DA}.Release|Any CPU.Build.0 = Release|Any CPU
	EndGlobalSection
	GlobalSection(SolutionProperties) = preSolution
		HideSolutionNode = FALSE
	EndGlobalSection
	GlobalSection(ExtensibilityGlobals) = postSolution
		SolutionGuid = {81380C92-6BC1-4D0C-839A-A0742A95F055}
	EndGlobalSection
EndGlobal
